// !$*UTF8*$!
{
	archiveVersion = 1;
	classes = {
	};
	objectVersion = 56;
	objects = {

/* Begin PBXBuildFile section */
		C0C321162CB05F0C00D377DA /* AppDelegate.swift in Sources */ = {isa = PBXBuildFile; fileRef = C0C321152CB05F0C00D377DA /* AppDelegate.swift */; };
		C0C321182CB05F0C00D377DA /* SceneDelegate.swift in Sources */ = {isa = PBXBuildFile; fileRef = C0C321172CB05F0C00D377DA /* SceneDelegate.swift */; };
		C0C321202CB05F0C00D377DA /* Cycle_Tracker.xcdatamodeld in Sources */ = {isa = PBXBuildFile; fileRef = C0C3211E2CB05F0C00D377DA /* Cycle_Tracker.xcdatamodeld */; };
		C0C321222CB05F0E00D377DA /* Assets.xcassets in Resources */ = {isa = PBXBuildFile; fileRef = C0C321212CB05F0E00D377DA /* Assets.xcassets */; };
		C0C321252CB05F0E00D377DA /* LaunchScreen.storyboard in Resources */ = {isa = PBXBuildFile; fileRef = C0C321232CB05F0E00D377DA /* LaunchScreen.storyboard */; };
		C0C3212D2CB05FDC00D377DA /* RidesViewController.swift in Sources */ = {isa = PBXBuildFile; fileRef = C0C3212C2CB05FDC00D377DA /* RidesViewController.swift */; };
		C0C3212F2CB18C8900D377DA /* Constants.swift in Sources */ = {isa = PBXBuildFile; fileRef = C0C3212E2CB18C8900D377DA /* Constants.swift */; };
		C0C321312CB18DF200D377DA /* SetRideGoalVC.swift in Sources */ = {isa = PBXBuildFile; fileRef = C0C321302CB18DF200D377DA /* SetRideGoalVC.swift */; };
		C0C321332CB18FDE00D377DA /* CTButton.swift in Sources */ = {isa = PBXBuildFile; fileRef = C0C321322CB18FDE00D377DA /* CTButton.swift */; };
		C0C321352CB3281E00D377DA /* CurrentRideVC.swift in Sources */ = {isa = PBXBuildFile; fileRef = C0C321342CB3281E00D377DA /* CurrentRideVC.swift */; };
		C0C321382CB4664500D377DA /* CTLabel.swift in Sources */ = {isa = PBXBuildFile; fileRef = C0C321372CB4664500D377DA /* CTLabel.swift */; };
/* End PBXBuildFile section */

/* Begin PBXFileReference section */
		C0C321122CB05F0C00D377DA /* Cycle-Tracker.app */ = {isa = PBXFileReference; explicitFileType = wrapper.application; includeInIndex = 0; path = "Cycle-Tracker.app"; sourceTree = BUILT_PRODUCTS_DIR; };
		C0C321152CB05F0C00D377DA /* AppDelegate.swift */ = {isa = PBXFileReference; lastKnownFileType = sourcecode.swift; path = AppDelegate.swift; sourceTree = "<group>"; };
		C0C321172CB05F0C00D377DA /* SceneDelegate.swift */ = {isa = PBXFileReference; lastKnownFileType = sourcecode.swift; path = SceneDelegate.swift; sourceTree = "<group>"; };
		C0C3211F2CB05F0C00D377DA /* Cycle_Tracker.xcdatamodel */ = {isa = PBXFileReference; lastKnownFileType = wrapper.xcdatamodel; path = Cycle_Tracker.xcdatamodel; sourceTree = "<group>"; };
		C0C321212CB05F0E00D377DA /* Assets.xcassets */ = {isa = PBXFileReference; lastKnownFileType = folder.assetcatalog; path = Assets.xcassets; sourceTree = "<group>"; };
		C0C321242CB05F0E00D377DA /* Base */ = {isa = PBXFileReference; lastKnownFileType = file.storyboard; name = Base; path = Base.lproj/LaunchScreen.storyboard; sourceTree = "<group>"; };
		C0C321262CB05F0E00D377DA /* Info.plist */ = {isa = PBXFileReference; lastKnownFileType = text.plist.xml; path = Info.plist; sourceTree = "<group>"; };
		C0C3212C2CB05FDC00D377DA /* RidesViewController.swift */ = {isa = PBXFileReference; lastKnownFileType = sourcecode.swift; path = RidesViewController.swift; sourceTree = "<group>"; };
		C0C3212E2CB18C8900D377DA /* Constants.swift */ = {isa = PBXFileReference; lastKnownFileType = sourcecode.swift; path = Constants.swift; sourceTree = "<group>"; };
		C0C321302CB18DF200D377DA /* SetRideGoalVC.swift */ = {isa = PBXFileReference; lastKnownFileType = sourcecode.swift; path = SetRideGoalVC.swift; sourceTree = "<group>"; };
		C0C321322CB18FDE00D377DA /* CTButton.swift */ = {isa = PBXFileReference; lastKnownFileType = sourcecode.swift; path = CTButton.swift; sourceTree = "<group>"; };
		C0C321342CB3281E00D377DA /* CurrentRideVC.swift */ = {isa = PBXFileReference; lastKnownFileType = sourcecode.swift; path = CurrentRideVC.swift; sourceTree = "<group>"; };
		C0C321372CB4664500D377DA /* CTLabel.swift */ = {isa = PBXFileReference; lastKnownFileType = sourcecode.swift; path = CTLabel.swift; sourceTree = "<group>"; };
/* End PBXFileReference section */

/* Begin PBXFrameworksBuildPhase section */
		C0C3210F2CB05F0C00D377DA /* Frameworks */ = {
			isa = PBXFrameworksBuildPhase;
			buildActionMask = 2147483647;
			files = (
			);
			runOnlyForDeploymentPostprocessing = 0;
		};
/* End PBXFrameworksBuildPhase section */

/* Begin PBXGroup section */
		C0C321092CB05F0C00D377DA = {
			isa = PBXGroup;
			children = (
				C0C321142CB05F0C00D377DA /* Cycle-Tracker */,
				C0C321132CB05F0C00D377DA /* Products */,
			);
			sourceTree = "<group>";
		};
		C0C321132CB05F0C00D377DA /* Products */ = {
			isa = PBXGroup;
			children = (
				C0C321122CB05F0C00D377DA /* Cycle-Tracker.app */,
			);
			name = Products;
			sourceTree = "<group>";
		};
		C0C321142CB05F0C00D377DA /* Cycle-Tracker */ = {
			isa = PBXGroup;
			children = (
				C0C321152CB05F0C00D377DA /* AppDelegate.swift */,
				C0C321172CB05F0C00D377DA /* SceneDelegate.swift */,
				C0C3212C2CB05FDC00D377DA /* RidesViewController.swift */,
				C0C321302CB18DF200D377DA /* SetRideGoalVC.swift */,
				C0C321342CB3281E00D377DA /* CurrentRideVC.swift */,
				C0C321362CB4662B00D377DA /* Extensions */,
				C0C3212E2CB18C8900D377DA /* Constants.swift */,
				C0C321212CB05F0E00D377DA /* Assets.xcassets */,
				C0C321232CB05F0E00D377DA /* LaunchScreen.storyboard */,
				C0C321262CB05F0E00D377DA /* Info.plist */,
				C0C3211E2CB05F0C00D377DA /* Cycle_Tracker.xcdatamodeld */,
			);
			path = "Cycle-Tracker";
			sourceTree = "<group>";
		};
		C0C321362CB4662B00D377DA /* Extensions */ = {
			isa = PBXGroup;
			children = (
				C0C321322CB18FDE00D377DA /* CTButton.swift */,
				C0C321372CB4664500D377DA /* CTLabel.swift */,
			);
			path = Extensions;
			sourceTree = "<group>";
		};
/* End PBXGroup section */

/* Begin PBXNativeTarget section */
		C0C321112CB05F0C00D377DA /* Cycle-Tracker */ = {
			isa = PBXNativeTarget;
			buildConfigurationList = C0C321292CB05F0E00D377DA /* Build configuration list for PBXNativeTarget "Cycle-Tracker" */;
			buildPhases = (
				C0C3210E2CB05F0C00D377DA /* Sources */,
				C0C3210F2CB05F0C00D377DA /* Frameworks */,
				C0C321102CB05F0C00D377DA /* Resources */,
			);
			buildRules = (
			);
			dependencies = (
			);
			name = "Cycle-Tracker";
			productName = "Cycle-Tracker";
			productReference = C0C321122CB05F0C00D377DA /* Cycle-Tracker.app */;
			productType = "com.apple.product-type.application";
		};
/* End PBXNativeTarget section */

/* Begin PBXProject section */
		C0C3210A2CB05F0C00D377DA /* Project object */ = {
			isa = PBXProject;
			attributes = {
				BuildIndependentTargetsInParallel = 1;
				LastSwiftUpdateCheck = 1420;
				LastUpgradeCheck = 1420;
				TargetAttributes = {
					C0C321112CB05F0C00D377DA = {
						CreatedOnToolsVersion = 14.2;
					};
				};
			};
			buildConfigurationList = C0C3210D2CB05F0C00D377DA /* Build configuration list for PBXProject "Cycle-Tracker" */;
			compatibilityVersion = "Xcode 14.0";
			developmentRegion = en;
			hasScannedForEncodings = 0;
			knownRegions = (
				en,
				Base,
			);
			mainGroup = C0C321092CB05F0C00D377DA;
			productRefGroup = C0C321132CB05F0C00D377DA /* Products */;
			projectDirPath = "";
			projectRoot = "";
			targets = (
				C0C321112CB05F0C00D377DA /* Cycle-Tracker */,
			);
		};
/* End PBXProject section */

/* Begin PBXResourcesBuildPhase section */
		C0C321102CB05F0C00D377DA /* Resources */ = {
			isa = PBXResourcesBuildPhase;
			buildActionMask = 2147483647;
			files = (
				C0C321252CB05F0E00D377DA /* LaunchScreen.storyboard in Resources */,
				C0C321222CB05F0E00D377DA /* Assets.xcassets in Resources */,
			);
			runOnlyForDeploymentPostprocessing = 0;
		};
/* End PBXResourcesBuildPhase section */

/* Begin PBXSourcesBuildPhase section */
		C0C3210E2CB05F0C00D377DA /* Sources */ = {
			isa = PBXSourcesBuildPhase;
			buildActionMask = 2147483647;
			files = (
				C0C321332CB18FDE00D377DA /* CTButton.swift in Sources */,
				C0C3212F2CB18C8900D377DA /* Constants.swift in Sources */,
				C0C321202CB05F0C00D377DA /* Cycle_Tracker.xcdatamodeld in Sources */,
				C0C321162CB05F0C00D377DA /* AppDelegate.swift in Sources */,
				C0C3212D2CB05FDC00D377DA /* RidesViewController.swift in Sources */,
				C0C321312CB18DF200D377DA /* SetRideGoalVC.swift in Sources */,
				C0C321382CB4664500D377DA /* CTLabel.swift in Sources */,
				C0C321352CB3281E00D377DA /* CurrentRideVC.swift in Sources */,
				C0C321182CB05F0C00D377DA /* SceneDelegate.swift in Sources */,
			);
			runOnlyForDeploymentPostprocessing = 0;
		};
/* End PBXSourcesBuildPhase section */

/* Begin PBXVariantGroup section */
		C0C321232CB05F0E00D377DA /* LaunchScreen.storyboard */ = {
			isa = PBXVariantGroup;
			children = (
				C0C321242CB05F0E00D377DA /* Base */,
			);
			name = LaunchScreen.storyboard;
			sourceTree = "<group>";
		};
/* End PBXVariantGroup section */

/* Begin XCBuildConfiguration section */
		C0C321272CB05F0E00D377DA /* Debug */ = {
			isa = XCBuildConfiguration;
			buildSettings = {
				ALWAYS_SEARCH_USER_PATHS = NO;
				CLANG_ANALYZER_NONNULL = YES;
				CLANG_ANALYZER_NUMBER_OBJECT_CONVERSION = YES_AGGRESSIVE;
				CLANG_CXX_LANGUAGE_STANDARD = "gnu++20";
				CLANG_ENABLE_MODULES = YES;
				CLANG_ENABLE_OBJC_ARC = YES;
				CLANG_ENABLE_OBJC_WEAK = YES;
				CLANG_WARN_BLOCK_CAPTURE_AUTORELEASING = YES;
				CLANG_WARN_BOOL_CONVERSION = YES;
				CLANG_WARN_COMMA = YES;
				CLANG_WARN_CONSTANT_CONVERSION = YES;
				CLANG_WARN_DEPRECATED_OBJC_IMPLEMENTATIONS = YES;
				CLANG_WARN_DIRECT_OBJC_ISA_USAGE = YES_ERROR;
				CLANG_WARN_DOCUMENTATION_COMMENTS = YES;
				CLANG_WARN_EMPTY_BODY = YES;
				CLANG_WARN_ENUM_CONVERSION = YES;
				CLANG_WARN_INFINITE_RECURSION = YES;
				CLANG_WARN_INT_CONVERSION = YES;
				CLANG_WARN_NON_LITERAL_NULL_CONVERSION = YES;
				CLANG_WARN_OBJC_IMPLICIT_RETAIN_SELF = YES;
				CLANG_WARN_OBJC_LITERAL_CONVERSION = YES;
				CLANG_WARN_OBJC_ROOT_CLASS = YES_ERROR;
				CLANG_WARN_QUOTED_INCLUDE_IN_FRAMEWORK_HEADER = YES;
				CLANG_WARN_RANGE_LOOP_ANALYSIS = YES;
				CLANG_WARN_STRICT_PROTOTYPES = YES;
				CLANG_WARN_SUSPICIOUS_MOVE = YES;
				CLANG_WARN_UNGUARDED_AVAILABILITY = YES_AGGRESSIVE;
				CLANG_WARN_UNREACHABLE_CODE = YES;
				CLANG_WARN__DUPLICATE_METHOD_MATCH = YES;
				COPY_PHASE_STRIP = NO;
				DEBUG_INFORMATION_FORMAT = dwarf;
				ENABLE_STRICT_OBJC_MSGSEND = YES;
				ENABLE_TESTABILITY = YES;
				GCC_C_LANGUAGE_STANDARD = gnu11;
				GCC_DYNAMIC_NO_PIC = NO;
				GCC_NO_COMMON_BLOCKS = YES;
				GCC_OPTIMIZATION_LEVEL = 0;
				GCC_PREPROCESSOR_DEFINITIONS = (
					"DEBUG=1",
					"$(inherited)",
				);
				GCC_WARN_64_TO_32_BIT_CONVERSION = YES;
				GCC_WARN_ABOUT_RETURN_TYPE = YES_ERROR;
				GCC_WARN_UNDECLARED_SELECTOR = YES;
				GCC_WARN_UNINITIALIZED_AUTOS = YES_AGGRESSIVE;
				GCC_WARN_UNUSED_FUNCTION = YES;
				GCC_WARN_UNUSED_VARIABLE = YES;
				IPHONEOS_DEPLOYMENT_TARGET = 16.2;
				MTL_ENABLE_DEBUG_INFO = INCLUDE_SOURCE;
				MTL_FAST_MATH = YES;
				ONLY_ACTIVE_ARCH = YES;
				SDKROOT = iphoneos;
				SWIFT_ACTIVE_COMPILATION_CONDITIONS = DEBUG;
				SWIFT_OPTIMIZATION_LEVEL = "-Onone";
			};
			name = Debug;
		};
		C0C321282CB05F0E00D377DA /* Release */ = {
			isa = XCBuildConfiguration;
			buildSettings = {
				ALWAYS_SEARCH_USER_PATHS = NO;
				CLANG_ANALYZER_NONNULL = YES;
				CLANG_ANALYZER_NUMBER_OBJECT_CONVERSION = YES_AGGRESSIVE;
				CLANG_CXX_LANGUAGE_STANDARD = "gnu++20";
				CLANG_ENABLE_MODULES = YES;
				CLANG_ENABLE_OBJC_ARC = YES;
				CLANG_ENABLE_OBJC_WEAK = YES;
				CLANG_WARN_BLOCK_CAPTURE_AUTORELEASING = YES;
				CLANG_WARN_BOOL_CONVERSION = YES;
				CLANG_WARN_COMMA = YES;
				CLANG_WARN_CONSTANT_CONVERSION = YES;
				CLANG_WARN_DEPRECATED_OBJC_IMPLEMENTATIONS = YES;
				CLANG_WARN_DIRECT_OBJC_ISA_USAGE = YES_ERROR;
				CLANG_WARN_DOCUMENTATION_COMMENTS = YES;
				CLANG_WARN_EMPTY_BODY = YES;
				CLANG_WARN_ENUM_CONVERSION = YES;
				CLANG_WARN_INFINITE_RECURSION = YES;
				CLANG_WARN_INT_CONVERSION = YES;
				CLANG_WARN_NON_LITERAL_NULL_CONVERSION = YES;
				CLANG_WARN_OBJC_IMPLICIT_RETAIN_SELF = YES;
				CLANG_WARN_OBJC_LITERAL_CONVERSION = YES;
				CLANG_WARN_OBJC_ROOT_CLASS = YES_ERROR;
				CLANG_WARN_QUOTED_INCLUDE_IN_FRAMEWORK_HEADER = YES;
				CLANG_WARN_RANGE_LOOP_ANALYSIS = YES;
				CLANG_WARN_STRICT_PROTOTYPES = YES;
				CLANG_WARN_SUSPICIOUS_MOVE = YES;
				CLANG_WARN_UNGUARDED_AVAILABILITY = YES_AGGRESSIVE;
				CLANG_WARN_UNREACHABLE_CODE = YES;
				CLANG_WARN__DUPLICATE_METHOD_MATCH = YES;
				COPY_PHASE_STRIP = NO;
				DEBUG_INFORMATION_FORMAT = "dwarf-with-dsym";
				ENABLE_NS_ASSERTIONS = NO;
				ENABLE_STRICT_OBJC_MSGSEND = YES;
				GCC_C_LANGUAGE_STANDARD = gnu11;
				GCC_NO_COMMON_BLOCKS = YES;
				GCC_WARN_64_TO_32_BIT_CONVERSION = YES;
				GCC_WARN_ABOUT_RETURN_TYPE = YES_ERROR;
				GCC_WARN_UNDECLARED_SELECTOR = YES;
				GCC_WARN_UNINITIALIZED_AUTOS = YES_AGGRESSIVE;
				GCC_WARN_UNUSED_FUNCTION = YES;
				GCC_WARN_UNUSED_VARIABLE = YES;
				IPHONEOS_DEPLOYMENT_TARGET = 16.2;
				MTL_ENABLE_DEBUG_INFO = NO;
				MTL_FAST_MATH = YES;
				SDKROOT = iphoneos;
				SWIFT_COMPILATION_MODE = wholemodule;
				SWIFT_OPTIMIZATION_LEVEL = "-O";
				VALIDATE_PRODUCT = YES;
			};
			name = Release;
		};
		C0C3212A2CB05F0E00D377DA /* Debug */ = {
			isa = XCBuildConfiguration;
			buildSettings = {
				ASSETCATALOG_COMPILER_APPICON_NAME = AppIcon;
				ASSETCATALOG_COMPILER_GLOBAL_ACCENT_COLOR_NAME = AccentColor;
				CODE_SIGN_STYLE = Automatic;
				CURRENT_PROJECT_VERSION = 1;
				DEVELOPMENT_TEAM = 822D8Y7G66;
				GENERATE_INFOPLIST_FILE = YES;
				INFOPLIST_FILE = "Cycle-Tracker/Info.plist";
				INFOPLIST_KEY_NSLocationWhenInUseUsageDescription = "Allow location access";
				INFOPLIST_KEY_UIApplicationSupportsIndirectInputEvents = YES;
				INFOPLIST_KEY_UILaunchStoryboardName = LaunchScreen;
				INFOPLIST_KEY_UISupportedInterfaceOrientations_iPad = "UIInterfaceOrientationPortrait UIInterfaceOrientationPortraitUpsideDown UIInterfaceOrientationLandscapeLeft UIInterfaceOrientationLandscapeRight";
				INFOPLIST_KEY_UISupportedInterfaceOrientations_iPhone = "UIInterfaceOrientationPortrait UIInterfaceOrientationLandscapeLeft UIInterfaceOrientationLandscapeRight";
				LD_RUNPATH_SEARCH_PATHS = (
					"$(inherited)",
					"@executable_path/Frameworks",
				);
				MARKETING_VERSION = 1.0;
				PRODUCT_BUNDLE_IDENTIFIER = "com.mesiow.Cycle-Tracker";
				PRODUCT_NAME = "$(TARGET_NAME)";
				SWIFT_EMIT_LOC_STRINGS = YES;
				SWIFT_VERSION = 5.0;
				TARGETED_DEVICE_FAMILY = "1,2";
			};
			name = Debug;
		};
		C0C3212B2CB05F0E00D377DA /* Release */ = {
			isa = XCBuildConfiguration;
			buildSettings = {
				ASSETCATALOG_COMPILER_APPICON_NAME = AppIcon;
				ASSETCATALOG_COMPILER_GLOBAL_ACCENT_COLOR_NAME = AccentColor;
				CODE_SIGN_STYLE = Automatic;
				CURRENT_PROJECT_VERSION = 1;
				DEVELOPMENT_TEAM = 822D8Y7G66;
				GENERATE_INFOPLIST_FILE = YES;
				INFOPLIST_FILE = "Cycle-Tracker/Info.plist";
				INFOPLIST_KEY_NSLocationWhenInUseUsageDescription = "Allow location access";
				INFOPLIST_KEY_UIApplicationSupportsIndirectInputEvents = YES;
				INFOPLIST_KEY_UILaunchStoryboardName = LaunchScreen;
				INFOPLIST_KEY_UISupportedInterfaceOrientations_iPad = "UIInterfaceOrientationPortrait UIInterfaceOrientationPortraitUpsideDown UIInterfaceOrientationLandscapeLeft UIInterfaceOrientationLandscapeRight";
				INFOPLIST_KEY_UISupportedInterfaceOrientations_iPhone = "UIInterfaceOrientationPortrait UIInterfaceOrientationLandscapeLeft UIInterfaceOrientationLandscapeRight";
				LD_RUNPATH_SEARCH_PATHS = (
					"$(inherited)",
					"@executable_path/Frameworks",
				);
				MARKETING_VERSION = 1.0;
				PRODUCT_BUNDLE_IDENTIFIER = "com.mesiow.Cycle-Tracker";
				PRODUCT_NAME = "$(TARGET_NAME)";
				SWIFT_EMIT_LOC_STRINGS = YES;
				SWIFT_VERSION = 5.0;
				TARGETED_DEVICE_FAMILY = "1,2";
			};
			name = Release;
		};
/* End XCBuildConfiguration section */

/* Begin XCConfigurationList section */
		C0C3210D2CB05F0C00D377DA /* Build configuration list for PBXProject "Cycle-Tracker" */ = {
			isa = XCConfigurationList;
			buildConfigurations = (
				C0C321272CB05F0E00D377DA /* Debug */,
				C0C321282CB05F0E00D377DA /* Release */,
			);
			defaultConfigurationIsVisible = 0;
			defaultConfigurationName = Release;
		};
		C0C321292CB05F0E00D377DA /* Build configuration list for PBXNativeTarget "Cycle-Tracker" */ = {
			isa = XCConfigurationList;
			buildConfigurations = (
				C0C3212A2CB05F0E00D377DA /* Debug */,
				C0C3212B2CB05F0E00D377DA /* Release */,
			);
			defaultConfigurationIsVisible = 0;
			defaultConfigurationName = Release;
		};
/* End XCConfigurationList section */

/* Begin XCVersionGroup section */
		C0C3211E2CB05F0C00D377DA /* Cycle_Tracker.xcdatamodeld */ = {
			isa = XCVersionGroup;
			children = (
				C0C3211F2CB05F0C00D377DA /* Cycle_Tracker.xcdatamodel */,
			);
			currentVersion = C0C3211F2CB05F0C00D377DA /* Cycle_Tracker.xcdatamodel */;
			path = Cycle_Tracker.xcdatamodeld;
			sourceTree = "<group>";
			versionGroupType = wrapper.xcdatamodel;
		};
/* End XCVersionGroup section */
	};
	rootObject = C0C3210A2CB05F0C00D377DA /* Project object */;
}
